<?xml version="1.0" encoding="UTF-8"?>
<Scheme
   LastUpgradeVersion = "0500"
   version = "1.3">
   <BuildAction
      parallelizeBuildables = "YES"
      buildImplicitDependencies = "YES">
      <BuildActionEntries>
         <BuildActionEntry
            buildForTesting = "YES"
            buildForRunning = "YES"
            buildForProfiling = "YES"
            buildForArchiving = "YES"
            buildForAnalyzing = "YES">
            <BuildableReference
               BuildableIdentifier = "primary"
               BlueprintIdentifier = "9A4266C914F6CFFF00C0CBA2"
               BuildableName = "val3dity"
               BlueprintName = "val3dity"
               ReferencedContainer = "container:val3dity.xcodeproj">
            </BuildableReference>
         </BuildActionEntry>
      </BuildActionEntries>
   </BuildAction>
   <TestAction
      buildConfiguration = "Debug"
      selectedDebuggerIdentifier = "Xcode.DebuggerFoundation.Debugger.LLDB"
      selectedLauncherIdentifier = "Xcode.DebuggerFoundation.Launcher.LLDB"
      shouldUseLaunchSchemeArgsEnv = "YES">
      <Testables>
      </Testables>
      <MacroExpansion>
         <BuildableReference
            BuildableIdentifier = "primary"
            BlueprintIdentifier = "9A4266C914F6CFFF00C0CBA2"
            BuildableName = "val3dity"
            BlueprintName = "val3dity"
            ReferencedContainer = "container:val3dity.xcodeproj">
         </BuildableReference>
      </MacroExpansion>
      <AdditionalOptions>
      </AdditionalOptions>
   </TestAction>
   <LaunchAction
      buildConfiguration = "Debug"
      selectedDebuggerIdentifier = "Xcode.DebuggerFoundation.Debugger.LLDB"
      selectedLauncherIdentifier = "Xcode.DebuggerFoundation.Launcher.LLDB"
      launchStyle = "0"
      useCustomWorkingDirectory = "NO"
      ignoresPersistentStateOnLaunch = "NO"
      debugDocumentVersioning = "YES"
      debugServiceExtension = "internal"
      allowLocationSimulation = "YES">
      <BuildableProductRunnable
         runnableDebuggingMode = "0">
         <BuildableReference
            BuildableIdentifier = "primary"
            BlueprintIdentifier = "9A4266C914F6CFFF00C0CBA2"
            BuildableName = "val3dity"
            BlueprintName = "val3dity"
            ReferencedContainer = "container:val3dity.xcodeproj">
         </BuildableReference>
      </BuildableProductRunnable>
      <CommandLineArguments>
         <CommandLineArgument
            argument = "/Users/hugo/Dropbox/data/validation/Rotterdam/3-20-DELFSHAVEN_solids.xml"
            isEnabled = "NO">
         </CommandLineArgument>
         <CommandLineArgument
            argument = "-p MS"
            isEnabled = "NO">
         </CommandLineArgument>
         <CommandLineArgument
            argument = "-p CS"
            isEnabled = "NO">
         </CommandLineArgument>
         <CommandLineArgument
            argument = "/Users/hugo/Downloads/interior-LOD1.gml"
            isEnabled = "NO">
         </CommandLineArgument>
         <CommandLineArgument
            argument = "/Users/hugo/Dropbox/data/validation/misc/cubems.xml"
            isEnabled = "NO">
         </CommandLineArgument>
         <CommandLineArgument
            argument = "/Users/hugo/temp/someoff/tet.off"
            isEnabled = "NO">
         </CommandLineArgument>
         <CommandLineArgument
            argument = "--ishell /Users/hugo/projects/val3dity/data/poly/py22.poly"
            isEnabled = "NO">
         </CommandLineArgument>
         <CommandLineArgument
            argument = "-withids"
            isEnabled = "NO">
         </CommandLineArgument>
         <CommandLineArgument
            argument = "--verbose"
            isEnabled = "NO">
         </CommandLineArgument>
         <CommandLineArgument
            argument = "/Users/hugo/data/val3dity/Munchen/lod2polys/108.0.poly"
            isEnabled = "NO">
         </CommandLineArgument>
         <CommandLineArgument
            argument = "/Users/hugo/data/val3dity/Munchen/2_111.xml"
            isEnabled = "NO">
         </CommandLineArgument>
         <CommandLineArgument
            argument = "/Users/hugo/Dropbox/data/validation/Munchen/LOD2_4424_5482_solid.gml"
            isEnabled = "NO">
         </CommandLineArgument>
         <CommandLineArgument
            argument = "/Users/hugo/projects/val3dity/data/poly/cube.poly"
            isEnabled = "NO">
         </CommandLineArgument>
         <CommandLineArgument
            argument = "/Users/hugo/projects/val3dity/data/poly/cube2.poly"
            isEnabled = "NO">
         </CommandLineArgument>
         <CommandLineArgument
            argument = "/Users/hugo/Dropbox/data/validation/Munchen/LOD2_4424_5482_solid.gml"
            isEnabled = "YES">
         </CommandLineArgument>
         <CommandLineArgument
            argument = "-i /Users/hugo/projects/val3dity/data/poly/cube16.poly"
            isEnabled = "NO">
         </CommandLineArgument>
         <CommandLineArgument
            argument = "/Users/hugo/temp/0000/Musterdaten_swissBUILDINGS3D20_LV03.gml"
            isEnabled = "NO">
         </CommandLineArgument>
         <CommandLineArgument
            argument = "/Users/hugo/projects/val3dity/data/poly/cube.poly"
            isEnabled = "NO">
         </CommandLineArgument>
         <CommandLineArgument
            argument = "/Users/hugo/data/val3dity/gmltests/cubepy1py2.xml"
            isEnabled = "NO">
         </CommandLineArgument>
         <CommandLineArgument
            argument = "/Users/hugo/projects/val3dity/data/poly/cube10.poly"
            isEnabled = "NO">
         </CommandLineArgument>
         <CommandLineArgument
            argument = "/Users/hugo/projects/val3dity/data/poly/bunny.poly"
            isEnabled = "NO">
         </CommandLineArgument>
         <CommandLineArgument
            argument = "/Users/hugo/projects/val3dity/data/poly/house.poly"
            isEnabled = "NO">
         </CommandLineArgument>
         <CommandLineArgument
            argument = "/Users/hugo/projects/val3dity/data/poly/house2.poly"
            isEnabled = "NO">
         </CommandLineArgument>
         <CommandLineArgument
            argument = "/Users/hugo/projects/val3dity/data/poly/py1.poly"
            isEnabled = "NO">
         </CommandLineArgument>
         <CommandLineArgument
            argument = "/Users/hugo/projects/val3dity/data/poly/socket_.poly"
            isEnabled = "NO">
         </CommandLineArgument>
         <CommandLineArgument
            argument = "/Users/hugo/data/validation/jan/Shell-0-of-DenHaag11Building1.poly"
            isEnabled = "NO">
         </CommandLineArgument>
      </CommandLineArguments>
      <AdditionalOptions>
      </AdditionalOptions>
   </LaunchAction>
   <ProfileAction
      buildConfiguration = "Release"
      shouldUseLaunchSchemeArgsEnv = "YES"
      savedToolIdentifier = ""
      useCustomWorkingDirectory = "NO"
      debugDocumentVersioning = "YES">
      <BuildableProductRunnable
         runnableDebuggingMode = "0">
         <BuildableReference
            BuildableIdentifier = "primary"
            BlueprintIdentifier = "9A4266C914F6CFFF00C0CBA2"
            BuildableName = "val3dity"
            BlueprintName = "val3dity"
            ReferencedContainer = "container:val3dity.xcodeproj">
         </BuildableReference>
      </BuildableProductRunnable>
   </ProfileAction>
   <AnalyzeAction
      buildConfiguration = "Debug">
   </AnalyzeAction>
   <ArchiveAction
      buildConfiguration = "Release"
      revealArchiveInOrganizer = "YES">
   </ArchiveAction>
</Scheme>
